# THIS IS AN AUTOGENERATED FILE. DO NOT EDIT THIS FILE DIRECTLY.
# yarn lockfile v1


"cannon@github:schteppe/cannon.js":
  version "0.6.2"
  resolved "https://codeload.github.com/schteppe/cannon.js/tar.gz/569730f94a1d9da47967a24fad0323ef7d5b4119"

spark-ar-physics@^1.0.4:
  version "1.0.4"
  resolved "https://registry.yarnpkg.com/spark-ar-physics/-/spark-ar-physics-1.0.4.tgz#aff8606e5076b86b91471b4bf60e57bf76b06e06"
  integrity sha512-o6nWidYQMaQowuNpNvswZWFJNvRTbILgvymsgQOyZePZcdLoSYB5ZZbf2f9vnPvGiaVoXjHtFe8CMcGGJ5sn4g==
  dependencies:
    cannon "github:schteppe/cannon.js"
